
Microsoft Visual Studio Solution File, Format Version 12.00
# Visual Studio 15
VisualStudioVersion = 15.0.27428.2005
MinimumVisualStudioVersion = 10.0.40219.1
Project("{FAE04EC0-301F-11D3-BF4B-00C04F79EFBC}") = "MaxSumOfPath", "MaxSumOfPath\MaxSumOfPath.csproj", "{C5B95C43-A713-493A-B97B-BE3EE41AA6FD}"
EndProject
Global
	GlobalSection(SolutionConfigurationPlatforms) = preSolution
		Debug|Any CPU = Debug|Any CPU
		Release|Any CPU = Release|Any CPU
	EndGlobalSection
	GlobalSection(ProjectConfigurationPlatforms) = postSolution
		{C5B95C43-A713-493A-B97B-BE3EE41AA6FD}.Debug|Any CPU.ActiveCfg = Debug|Any CPU
		{C5B95C43-A713-493A-B97B-BE3EE41AA6FD}.Debug|Any CPU.Build.0 = Debug|Any CPU
		{C5B95C43-A713-493A-B97B-BE3EE41AA6FD}.Release|Any CPU.ActiveCfg = Release|Any CPU
		{C5B95C43-A713-493A-B97B-BE3EE41AA6FD}.Release|Any CPU.Build.0 = Release|Any CPU
	EndGlobalSection
	GlobalSection(SolutionProperties) = preSolution
		HideSolutionNode = FALSE
	EndGlobalSection
	GlobalSection(ExtensibilityGlobals) = postSolution
		SolutionGuid = {BAACB55F-3314-471F-BE34-FECFFD286D9E}
	EndGlobalSection
EndGlobal
